
Microsoft Visual Studio Solution File, Format Version 12.00
# Visual Studio Version 16
VisualStudioVersion = 16.0.30611.23
MinimumVisualStudioVersion = 10.0.40219.1
Project("{FAE04EC0-301F-11D3-BF4B-00C04F79EFBC}") = "lab_8_1", "lab_8_1.csproj", "{D6C6284E-D681-4AB7-AB37-C1405960B0B9}"
EndProject
Global
	GlobalSection(SolutionConfigurationPlatforms) = preSolution
		Debug|Any CPU = Debug|Any CPU
		Release|Any CPU = Release|Any CPU
	EndGlobalSection
	GlobalSection(ProjectConfigurationPlatforms) = postSolution
		{D6C6284E-D681-4AB7-AB37-C1405960B0B9}.Debug|Any CPU.ActiveCfg = Debug|Any CPU
		{D6C6284E-D681-4AB7-AB37-C1405960B0B9}.Debug|Any CPU.Build.0 = Debug|Any CPU
		{D6C6284E-D681-4AB7-AB37-C1405960B0B9}.Release|Any CPU.ActiveCfg = Release|Any CPU
		{D6C6284E-D681-4AB7-AB37-C1405960B0B9}.Release|Any CPU.Build.0 = Release|Any CPU
	EndGlobalSection
	GlobalSection(SolutionProperties) = preSolution
		HideSolutionNode = FALSE
	EndGlobalSection
	GlobalSection(ExtensibilityGlobals) = postSolution
		SolutionGuid = {6F2B210D-707C-4768-A469-C1238C67F5A5}
	EndGlobalSection
EndGlobal
